
Microsoft Visual Studio Solution File, Format Version 12.00
# Visual Studio Version 16
VisualStudioVersion = 16.0.30907.101
MinimumVisualStudioVersion = 10.0.40219.1
Project("{FAE04EC0-301F-11D3-BF4B-00C04F79EFBC}") = "Atividade com MySQL", "Atividade com MySQL.csproj", "{2474F1DB-8AE5-4FDA-8FC2-81545B646844}"
EndProject
Global
	GlobalSection(SolutionConfigurationPlatforms) = preSolution
		Debug|Any CPU = Debug|Any CPU
		Release|Any CPU = Release|Any CPU
	EndGlobalSection
	GlobalSection(ProjectConfigurationPlatforms) = postSolution
		{2474F1DB-8AE5-4FDA-8FC2-81545B646844}.Debug|Any CPU.ActiveCfg = Debug|Any CPU
		{2474F1DB-8AE5-4FDA-8FC2-81545B646844}.Debug|Any CPU.Build.0 = Debug|Any CPU
		{2474F1DB-8AE5-4FDA-8FC2-81545B646844}.Release|Any CPU.ActiveCfg = Release|Any CPU
		{2474F1DB-8AE5-4FDA-8FC2-81545B646844}.Release|Any CPU.Build.0 = Release|Any CPU
	EndGlobalSection
	GlobalSection(SolutionProperties) = preSolution
		HideSolutionNode = FALSE
	EndGlobalSection
	GlobalSection(ExtensibilityGlobals) = postSolution
		SolutionGuid = {C033E1D2-7AA1-44C7-86F9-D6A72CC7F573}
	EndGlobalSection
EndGlobal
