
Microsoft Visual Studio Solution File, Format Version 12.00
# Visual Studio Version 16
VisualStudioVersion = 16.0.30907.101
MinimumVisualStudioVersion = 10.0.40219.1
Project("{FAE04EC0-301F-11D3-BF4B-00C04F79EFBC}") = "Atividade 01", "Atividade 01.csproj", "{3CC9E14C-ED77-488A-B1F8-E4B32B26D81B}"
EndProject
Global
	GlobalSection(SolutionConfigurationPlatforms) = preSolution
		Debug|Any CPU = Debug|Any CPU
		Release|Any CPU = Release|Any CPU
	EndGlobalSection
	GlobalSection(ProjectConfigurationPlatforms) = postSolution
		{3CC9E14C-ED77-488A-B1F8-E4B32B26D81B}.Debug|Any CPU.ActiveCfg = Debug|Any CPU
		{3CC9E14C-ED77-488A-B1F8-E4B32B26D81B}.Debug|Any CPU.Build.0 = Debug|Any CPU
		{3CC9E14C-ED77-488A-B1F8-E4B32B26D81B}.Release|Any CPU.ActiveCfg = Release|Any CPU
		{3CC9E14C-ED77-488A-B1F8-E4B32B26D81B}.Release|Any CPU.Build.0 = Release|Any CPU
	EndGlobalSection
	GlobalSection(SolutionProperties) = preSolution
		HideSolutionNode = FALSE
	EndGlobalSection
	GlobalSection(ExtensibilityGlobals) = postSolution
		SolutionGuid = {8A152698-895A-4F92-ADCB-F06649B07A9A}
	EndGlobalSection
EndGlobal
