
Microsoft Visual Studio Solution File, Format Version 12.00
# Visual Studio Version 16
VisualStudioVersion = 16.0.30907.101
MinimumVisualStudioVersion = 10.0.40219.1
Project("{FAE04EC0-301F-11D3-BF4B-00C04F79EFBC}") = "ExercicioPolimorfismo", "ExercicioPolimorfismo.csproj", "{A7591D9B-2804-4AF5-9C5F-FEB93EDE2754}"
EndProject
Global
	GlobalSection(SolutionConfigurationPlatforms) = preSolution
		Debug|Any CPU = Debug|Any CPU
		Release|Any CPU = Release|Any CPU
	EndGlobalSection
	GlobalSection(ProjectConfigurationPlatforms) = postSolution
		{A7591D9B-2804-4AF5-9C5F-FEB93EDE2754}.Debug|Any CPU.ActiveCfg = Debug|Any CPU
		{A7591D9B-2804-4AF5-9C5F-FEB93EDE2754}.Debug|Any CPU.Build.0 = Debug|Any CPU
		{A7591D9B-2804-4AF5-9C5F-FEB93EDE2754}.Release|Any CPU.ActiveCfg = Release|Any CPU
		{A7591D9B-2804-4AF5-9C5F-FEB93EDE2754}.Release|Any CPU.Build.0 = Release|Any CPU
	EndGlobalSection
	GlobalSection(SolutionProperties) = preSolution
		HideSolutionNode = FALSE
	EndGlobalSection
	GlobalSection(ExtensibilityGlobals) = postSolution
		SolutionGuid = {5F4E97DE-235F-4DFB-B39A-F93348EEC4E6}
	EndGlobalSection
EndGlobal
