
Microsoft Visual Studio Solution File, Format Version 12.00
# Visual Studio Version 16
VisualStudioVersion = 16.0.30907.101
MinimumVisualStudioVersion = 10.0.40219.1
Project("{FAE04EC0-301F-11D3-BF4B-00C04F79EFBC}") = "Ajuda", "Ajuda.csproj", "{20F0172D-9280-48B3-A87B-36519F9510B3}"
EndProject
Global
	GlobalSection(SolutionConfigurationPlatforms) = preSolution
		Debug|Any CPU = Debug|Any CPU
		Release|Any CPU = Release|Any CPU
	EndGlobalSection
	GlobalSection(ProjectConfigurationPlatforms) = postSolution
		{20F0172D-9280-48B3-A87B-36519F9510B3}.Debug|Any CPU.ActiveCfg = Debug|Any CPU
		{20F0172D-9280-48B3-A87B-36519F9510B3}.Debug|Any CPU.Build.0 = Debug|Any CPU
		{20F0172D-9280-48B3-A87B-36519F9510B3}.Release|Any CPU.ActiveCfg = Release|Any CPU
		{20F0172D-9280-48B3-A87B-36519F9510B3}.Release|Any CPU.Build.0 = Release|Any CPU
	EndGlobalSection
	GlobalSection(SolutionProperties) = preSolution
		HideSolutionNode = FALSE
	EndGlobalSection
	GlobalSection(ExtensibilityGlobals) = postSolution
		SolutionGuid = {F2BEF6B5-5ADA-4377-A076-52E970F56313}
	EndGlobalSection
EndGlobal
